
Microsoft Visual Studio Solution File, Format Version 12.00
# Visual Studio Version 17
VisualStudioVersion = 17.6.33801.468
MinimumVisualStudioVersion = 10.0.40219.1
Project("{FAE04EC0-301F-11D3-BF4B-00C04F79EFBC}") = "RedisCheck", "RedisCheck.csproj", "{61A5903B-2B85-47FF-8BE8-24E899F5F044}"
EndProject
Global
	GlobalSection(SolutionConfigurationPlatforms) = preSolution
		Debug|Any CPU = Debug|Any CPU
		Release|Any CPU = Release|Any CPU
	EndGlobalSection
	GlobalSection(ProjectConfigurationPlatforms) = postSolution
		{61A5903B-2B85-47FF-8BE8-24E899F5F044}.Debug|Any CPU.ActiveCfg = Debug|Any CPU
		{61A5903B-2B85-47FF-8BE8-24E899F5F044}.Debug|Any CPU.Build.0 = Debug|Any CPU
		{61A5903B-2B85-47FF-8BE8-24E899F5F044}.Release|Any CPU.ActiveCfg = Release|Any CPU
		{61A5903B-2B85-47FF-8BE8-24E899F5F044}.Release|Any CPU.Build.0 = Release|Any CPU
	EndGlobalSection
	GlobalSection(SolutionProperties) = preSolution
		HideSolutionNode = FALSE
	EndGlobalSection
	GlobalSection(ExtensibilityGlobals) = postSolution
		SolutionGuid = {1405B3C7-BA1D-4252-9A7A-4156FFDAEDAB}
	EndGlobalSection
EndGlobal
